// !$*UTF8*$!
{
	archiveVersion = 1;
	classes = {
	};
	objectVersion = 46;
	objects = {

/* Begin PBXBuildFile section */
		AB53B65F1F4D507E00BDD317 /* AppDelegate.swift in Sources */ = {isa = PBXBuildFile; fileRef = AB53B65E1F4D507E00BDD317 /* AppDelegate.swift */; };
		AB53B6611F4D507E00BDD317 /* ViewController.swift in Sources */ = {isa = PBXBuildFile; fileRef = AB53B6601F4D507E00BDD317 /* ViewController.swift */; };
		AB53B6641F4D507E00BDD317 /* Main.storyboard in Resources */ = {isa = PBXBuildFile; fileRef = AB53B6621F4D507E00BDD317 /* Main.storyboard */; };
		AB53B6661F4D507E00BDD317 /* Assets.xcassets in Resources */ = {isa = PBXBuildFile; fileRef = AB53B6651F4D507E00BDD317 /* Assets.xcassets */; };
		AB53B6691F4D507E00BDD317 /* LaunchScreen.storyboard in Resources */ = {isa = PBXBuildFile; fileRef = AB53B6671F4D507E00BDD317 /* LaunchScreen.storyboard */; };
/* End PBXBuildFile section */

/* Begin PBXFileReference section */
		AB53B65B1F4D507E00BDD317 /* lateMail.app */ = {isa = PBXFileReference; explicitFileType = wrapper.application; includeInIndex = 0; path = lateMail.app; sourceTree = BUILT_PRODUCTS_DIR; };
		AB53B65E1F4D507E00BDD317 /* AppDelegate.swift */ = {isa = PBXFileReference; lastKnownFileType = sourcecode.swift; path = AppDelegate.swift; sourceTree = "<group>"; };
		AB53B6601F4D507E00BDD317 /* ViewController.swift */ = {isa = PBXFileReference; lastKnownFileType = sourcecode.swift; path = ViewController.swift; sourceTree = "<group>"; };
		AB53B6631F4D507E00BDD317 /* Base */ = {isa = PBXFileReference; lastKnownFileType = file.storyboard; name = Base; path = Base.lproj/Main.storyboard; sourceTree = "<group>"; };
		AB53B6651F4D507E00BDD317 /* Assets.xcassets */ = {isa = PBXFileReference; lastKnownFileType = folder.assetcatalog; path = Assets.xcassets; sourceTree = "<group>"; };
		AB53B6681F4D507E00BDD317 /* Base */ = {isa = PBXFileReference; lastKnownFileType = file.storyboard; name = Base; path = Base.lproj/LaunchScreen.storyboard; sourceTree = "<group>"; };
		AB53B66A1F4D507E00BDD317 /* Info.plist */ = {isa = PBXFileReference; lastKnownFileType = text.plist.xml; path = Info.plist; sourceTree = "<group>"; };
/* End PBXFileReference section */

/* Begin PBXFrameworksBuildPhase section */
		AB53B6581F4D507D00BDD317 /* Frameworks */ = {
			isa = PBXFrameworksBuildPhase;
			buildActionMask = 2147483647;
			files = (
			);
			runOnlyForDeploymentPostprocessing = 0;
		};
/* End PBXFrameworksBuildPhase section */

/* Begin PBXGroup section */
		AB53B6521F4D507D00BDD317 = {
			isa = PBXGroup;
			children = (
				AB53B65D1F4D507E00BDD317 /* lateMail */,
				AB53B65C1F4D507E00BDD317 /* Products */,
			);
			sourceTree = "<group>";
		};
		AB53B65C1F4D507E00BDD317 /* Products */ = {
			isa = PBXGroup;
			children = (
				AB53B65B1F4D507E00BDD317 /* lateMail.app */,
			);
			name = Products;
			sourceTree = "<group>";
		};
		AB53B65D1F4D507E00BDD317 /* lateMail */ = {
			isa = PBXGroup;
			children = (
				AB53B65E1F4D507E00BDD317 /* AppDelegate.swift */,
				AB53B6601F4D507E00BDD317 /* ViewController.swift */,
				AB53B6621F4D507E00BDD317 /* Main.storyboard */,
				AB53B6651F4D507E00BDD317 /* Assets.xcassets */,
				AB53B6671F4D507E00BDD317 /* LaunchScreen.storyboard */,
				AB53B66A1F4D507E00BDD317 /* Info.plist */,
			);
			path = lateMail;
			sourceTree = "<group>";
		};
/* End PBXGroup section */

/* Begin PBXNativeTarget section */
		AB53B65A1F4D507D00BDD317 /* lateMail */ = {
			isa = PBXNativeTarget;
			buildConfigurationList = AB53B66D1F4D507E00BDD317 /* Build configuration list for PBXNativeTarget "lateMail" */;
			buildPhases = (
				AB53B6571F4D507D00BDD317 /* Sources */,
				AB53B6581F4D507D00BDD317 /* Frameworks */,
				AB53B6591F4D507D00BDD317 /* Resources */,
			);
			buildRules = (
			);
			dependencies = (
			);
			name = lateMail;
			productName = lateMail;
			productReference = AB53B65B1F4D507E00BDD317 /* lateMail.app */;
			productType = "com.apple.product-type.application";
		};
/* End PBXNativeTarget section */

/* Begin PBXProject section */
		AB53B6531F4D507D00BDD317 /* Project object */ = {
			isa = PBXProject;
			attributes = {
				LastSwiftUpdateCheck = 0830;
				LastUpgradeCheck = 0830;
				ORGANIZATIONNAME = net.tksho;
				TargetAttributes = {
					AB53B65A1F4D507D00BDD317 = {
						CreatedOnToolsVersion = 8.3.3;
						ProvisioningStyle = Automatic;
					};
				};
			};
			buildConfigurationList = AB53B6561F4D507D00BDD317 /* Build configuration list for PBXProject "lateMail" */;
			compatibilityVersion = "Xcode 3.2";
			developmentRegion = English;
			hasScannedForEncodings = 0;
			knownRegions = (
				en,
				Base,
			);
			mainGroup = AB53B6521F4D507D00BDD317;
			productRefGroup = AB53B65C1F4D507E00BDD317 /* Products */;
			projectDirPath = "";
			projectRoot = "";
			targets = (
				AB53B65A1F4D507D00BDD317 /* lateMail */,
			);
		};
/* End PBXProject section */

/* Begin PBXResourcesBuildPhase section */
		AB53B6591F4D507D00BDD317 /* Resources */ = {
			isa = PBXResourcesBuildPhase;
			buildActionMask = 2147483647;
			files = (
				AB53B6691F4D507E00BDD317 /* LaunchScreen.storyboard in Resources */,
				AB53B6661F4D507E00BDD317 /* Assets.xcassets in Resources */,
				AB53B6641F4D507E00BDD317 /* Main.storyboard in Resources */,
			);
			runOnlyForDeploymentPostprocessing = 0;
		};
/* End PBXResourcesBuildPhase section */

/* Begin PBXSourcesBuildPhase section */
		AB53B6571F4D507D00BDD317 /* Sources */ = {
			isa = PBXSourcesBuildPhase;
			buildActionMask = 2147483647;
			files = (
				AB53B6611F4D507E00BDD317 /* ViewController.swift in Sources */,
				AB53B65F1F4D507E00BDD317 /* AppDelegate.swift in Sources */,
			);
			runOnlyForDeploymentPostprocessing = 0;
		};
/* End PBXSourcesBuildPhase section */

/* Begin PBXVariantGroup section */
		AB53B6621F4D507E00BDD317 /* Main.storyboard */ = {
			isa = PBXVariantGroup;
			children = (
				AB53B6631F4D507E00BDD317 /* Base */,
			);
			name = Main.storyboard;
			sourceTree = "<group>";
		};
		AB53B6671F4D507E00BDD317 /* LaunchScreen.storyboard */ = {
			isa = PBXVariantGroup;
			children = (
				AB53B6681F4D507E00BDD317 /* Base */,
			);
			name = LaunchScreen.storyboard;
			sourceTree = "<group>";
		};
/* End PBXVariantGroup section */

/* Begin XCBuildConfiguration section */
		AB53B66B1F4D507E00BDD317 /* Debug */ = {
			isa = XCBuildConfiguration;
			buildSettings = {
				ALWAYS_SEARCH_USER_PATHS = NO;
				CLANG_ANALYZER_NONNULL = YES;
				CLANG_ANALYZER_NUMBER_OBJECT_CONVERSION = YES_AGGRESSIVE;
				CLANG_CXX_LANGUAGE_STANDARD = "gnu++0x";
				CLANG_CXX_LIBRARY = "libc++";
				CLANG_ENABLE_MODULES = YES;
				CLANG_ENABLE_OBJC_ARC = YES;
				CLANG_WARN_BOOL_CONVERSION = YES;
				CLANG_WARN_CONSTANT_CONVERSION = YES;
				CLANG_WARN_DIRECT_OBJC_ISA_USAGE = YES_ERROR;
				CLANG_WARN_DOCUMENTATION_COMMENTS = YES;
				CLANG_WARN_EMPTY_BODY = YES;
				CLANG_WARN_ENUM_CONVERSION = YES;
				CLANG_WARN_INFINITE_RECURSION = YES;
				CLANG_WARN_INT_CONVERSION = YES;
				CLANG_WARN_OBJC_ROOT_CLASS = YES_ERROR;
				CLANG_WARN_SUSPICIOUS_MOVE = YES;
				CLANG_WARN_UNREACHABLE_CODE = YES;
				CLANG_WARN__DUPLICATE_METHOD_MATCH = YES;
				"CODE_SIGN_IDENTITY[sdk=iphoneos*]" = "iPhone Developer";
				COPY_PHASE_STRIP = NO;
				DEBUG_INFORMATION_FORMAT = dwarf;
				ENABLE_STRICT_OBJC_MSGSEND = YES;
				ENABLE_TESTABILITY = YES;
				GCC_C_LANGUAGE_STANDARD = gnu99;
				GCC_DYNAMIC_NO_PIC = NO;
				GCC_NO_COMMON_BLOCKS = YES;
				GCC_OPTIMIZATION_LEVEL = 0;
				GCC_PREPROCESSOR_DEFINITIONS = (
					"DEBUG=1",
					"$(inherited)",
				);
				GCC_WARN_64_TO_32_BIT_CONVERSION = YES;
				GCC_WARN_ABOUT_RETURN_TYPE = YES_ERROR;
				GCC_WARN_UNDECLARED_SELECTOR = YES;
				GCC_WARN_UNINITIALIZED_AUTOS = YES_AGGRESSIVE;
				GCC_WARN_UNUSED_FUNCTION = YES;
				GCC_WARN_UNUSED_VARIABLE = YES;
				IPHONEOS_DEPLOYMENT_TARGET = 10.3;
				MTL_ENABLE_DEBUG_INFO = YES;
				ONLY_ACTIVE_ARCH = YES;
				SDKROOT = iphoneos;
				SWIFT_ACTIVE_COMPILATION_CONDITIONS = DEBUG;
				SWIFT_OPTIMIZATION_LEVEL = "-Onone";
			};
			name = Debug;
		};
		AB53B66C1F4D507E00BDD317 /* Release */ = {
			isa = XCBuildConfiguration;
			buildSettings = {
				ALWAYS_SEARCH_USER_PATHS = NO;
				CLANG_ANALYZER_NONNULL = YES;
				CLANG_ANALYZER_NUMBER_OBJECT_CONVERSION = YES_AGGRESSIVE;
				CLANG_CXX_LANGUAGE_STANDARD = "gnu++0x";
				CLANG_CXX_LIBRARY = "libc++";
				CLANG_ENABLE_MODULES = YES;
				CLANG_ENABLE_OBJC_ARC = YES;
				CLANG_WARN_BOOL_CONVERSION = YES;
				CLANG_WARN_CONSTANT_CONVERSION = YES;
				CLANG_WARN_DIRECT_OBJC_ISA_USAGE = YES_ERROR;
				CLANG_WARN_DOCUMENTATION_COMMENTS = YES;
				CLANG_WARN_EMPTY_BODY = YES;
				CLANG_WARN_ENUM_CONVERSION = YES;
				CLANG_WARN_INFINITE_RECURSION = YES;
				CLANG_WARN_INT_CONVERSION = YES;
				CLANG_WARN_OBJC_ROOT_CLASS = YES_ERROR;
				CLANG_WARN_SUSPICIOUS_MOVE = YES;
				CLANG_WARN_UNREACHABLE_CODE = YES;
				CLANG_WARN__DUPLICATE_METHOD_MATCH = YES;
				"CODE_SIGN_IDENTITY[sdk=iphoneos*]" = "iPhone Developer";
				COPY_PHASE_STRIP = NO;
				DEBUG_INFORMATION_FORMAT = "dwarf-with-dsym";
				ENABLE_NS_ASSERTIONS = NO;
				ENABLE_STRICT_OBJC_MSGSEND = YES;
				GCC_C_LANGUAGE_STANDARD = gnu99;
				GCC_NO_COMMON_BLOCKS = YES;
				GCC_WARN_64_TO_32_BIT_CONVERSION = YES;
				GCC_WARN_ABOUT_RETURN_TYPE = YES_ERROR;
				GCC_WARN_UNDECLARED_SELECTOR = YES;
				GCC_WARN_UNINITIALIZED_AUTOS = YES_AGGRESSIVE;
				GCC_WARN_UNUSED_FUNCTION = YES;
				GCC_WARN_UNUSED_VARIABLE = YES;
				IPHONEOS_DEPLOYMENT_TARGET = 10.3;
				MTL_ENABLE_DEBUG_INFO = NO;
				SDKROOT = iphoneos;
				SWIFT_OPTIMIZATION_LEVEL = "-Owholemodule";
				VALIDATE_PRODUCT = YES;
			};
			name = Release;
		};
		AB53B66E1F4D507E00BDD317 /* Debug */ = {
			isa = XCBuildConfiguration;
			buildSettings = {
				ASSETCATALOG_COMPILER_APPICON_NAME = AppIcon;
				INFOPLIST_FILE = lateMail/Info.plist;
				LD_RUNPATH_SEARCH_PATHS = "$(inherited) @executable_path/Frameworks";
				PRODUCT_BUNDLE_IDENTIFIER = net.tksho.lateMail;
				PRODUCT_NAME = "$(TARGET_NAME)";
				SWIFT_VERSION = 3.0;
			};
			name = Debug;
		};
		AB53B66F1F4D507E00BDD317 /* Release */ = {
			isa = XCBuildConfiguration;
			buildSettings = {
				ASSETCATALOG_COMPILER_APPICON_NAME = AppIcon;
				INFOPLIST_FILE = lateMail/Info.plist;
				LD_RUNPATH_SEARCH_PATHS = "$(inherited) @executable_path/Frameworks";
				PRODUCT_BUNDLE_IDENTIFIER = net.tksho.lateMail;
				PRODUCT_NAME = "$(TARGET_NAME)";
				SWIFT_VERSION = 3.0;
			};
			name = Release;
		};
/* End XCBuildConfiguration section */

/* Begin XCConfigurationList section */
		AB53B6561F4D507D00BDD317 /* Build configuration list for PBXProject "lateMail" */ = {
			isa = XCConfigurationList;
			buildConfigurations = (
				AB53B66B1F4D507E00BDD317 /* Debug */,
				AB53B66C1F4D507E00BDD317 /* Release */,
			);
			defaultConfigurationIsVisible = 0;
			defaultConfigurationName = Release;
		};
		AB53B66D1F4D507E00BDD317 /* Build configuration list for PBXNativeTarget "lateMail" */ = {
			isa = XCConfigurationList;
			buildConfigurations = (
				AB53B66E1F4D507E00BDD317 /* Debug */,
				AB53B66F1F4D507E00BDD317 /* Release */,
			);
			defaultConfigurationIsVisible = 0;
		};
/* End XCConfigurationList section */
	};
	rootObject = AB53B6531F4D507D00BDD317 /* Project object */;
}
