// !$*UTF8*$!
{
	archiveVersion = 1;
	classes = {
	};
	objectVersion = 46;
	objects = {

/* Begin PBXBuildFile section */
		7944F1621F76AE00002C1BE5 /* IntroFromNameViewController.swift in Sources */ = {isa = PBXBuildFile; fileRef = 7944F1611F76AE00002C1BE5 /* IntroFromNameViewController.swift */; };
		7944F1641F76B39C002C1BE5 /* IntroMailAddressViewController.swift in Sources */ = {isa = PBXBuildFile; fileRef = 7944F1631F76B39C002C1BE5 /* IntroMailAddressViewController.swift */; };
		7944F1661F76B572002C1BE5 /* IntroEndViewController.swift in Sources */ = {isa = PBXBuildFile; fileRef = 7944F1651F76B572002C1BE5 /* IntroEndViewController.swift */; };
		794E69001F768CD5001040FC /* Mail.swift in Sources */ = {isa = PBXBuildFile; fileRef = 794E68FF1F768CD5001040FC /* Mail.swift */; };
		79A487F21F74002400E6BA09 /* BodyEditViewController.swift in Sources */ = {isa = PBXBuildFile; fileRef = 79A487F11F74002400E6BA09 /* BodyEditViewController.swift */; };
		79A487F41F74004900E6BA09 /* MailAddressEditViewController.swift in Sources */ = {isa = PBXBuildFile; fileRef = 79A487F31F74004900E6BA09 /* MailAddressEditViewController.swift */; };
		79A487F61F74005500E6BA09 /* TitleEditViewController.swift in Sources */ = {isa = PBXBuildFile; fileRef = 79A487F51F74005500E6BA09 /* TitleEditViewController.swift */; };
		79A487FA1F74093D00E6BA09 /* ProfileEditViewController.swift in Sources */ = {isa = PBXBuildFile; fileRef = 79A487F91F74093D00E6BA09 /* ProfileEditViewController.swift */; };
		79CC25A31F7FA57500E31769 /* Icon-App-20x20@1x.png in Resources */ = {isa = PBXBuildFile; fileRef = 79CC258D1F7FA57500E31769 /* Icon-App-20x20@1x.png */; };
		79CC25A41F7FA57500E31769 /* Icon-App-20x20@2x.png in Resources */ = {isa = PBXBuildFile; fileRef = 79CC258E1F7FA57500E31769 /* Icon-App-20x20@2x.png */; };
		79CC25A51F7FA57500E31769 /* Icon-App-20x20@3x.png in Resources */ = {isa = PBXBuildFile; fileRef = 79CC258F1F7FA57500E31769 /* Icon-App-20x20@3x.png */; };
		79CC25A61F7FA57500E31769 /* Icon-App-29x29@1x.png in Resources */ = {isa = PBXBuildFile; fileRef = 79CC25901F7FA57500E31769 /* Icon-App-29x29@1x.png */; };
		79CC25A71F7FA57500E31769 /* Icon-App-29x29@2x.png in Resources */ = {isa = PBXBuildFile; fileRef = 79CC25911F7FA57500E31769 /* Icon-App-29x29@2x.png */; };
		79CC25A81F7FA57500E31769 /* Icon-App-29x29@3x.png in Resources */ = {isa = PBXBuildFile; fileRef = 79CC25921F7FA57500E31769 /* Icon-App-29x29@3x.png */; };
		79CC25A91F7FA57500E31769 /* Icon-App-40x40@1x.png in Resources */ = {isa = PBXBuildFile; fileRef = 79CC25931F7FA57500E31769 /* Icon-App-40x40@1x.png */; };
		79CC25AA1F7FA57500E31769 /* Icon-App-40x40@2x.png in Resources */ = {isa = PBXBuildFile; fileRef = 79CC25941F7FA57500E31769 /* Icon-App-40x40@2x.png */; };
		79CC25AB1F7FA57500E31769 /* Icon-App-40x40@3x.png in Resources */ = {isa = PBXBuildFile; fileRef = 79CC25951F7FA57500E31769 /* Icon-App-40x40@3x.png */; };
		79CC25AC1F7FA57500E31769 /* Icon-App-57x57@1x.png in Resources */ = {isa = PBXBuildFile; fileRef = 79CC25961F7FA57500E31769 /* Icon-App-57x57@1x.png */; };
		79CC25AD1F7FA57500E31769 /* Icon-App-57x57@2x.png in Resources */ = {isa = PBXBuildFile; fileRef = 79CC25971F7FA57500E31769 /* Icon-App-57x57@2x.png */; };
		79CC25AE1F7FA57500E31769 /* Icon-App-60x60@1x.png in Resources */ = {isa = PBXBuildFile; fileRef = 79CC25981F7FA57500E31769 /* Icon-App-60x60@1x.png */; };
		79CC25AF1F7FA57500E31769 /* Icon-App-60x60@2x.png in Resources */ = {isa = PBXBuildFile; fileRef = 79CC25991F7FA57500E31769 /* Icon-App-60x60@2x.png */; };
		79CC25B01F7FA57500E31769 /* Icon-App-60x60@3x.png in Resources */ = {isa = PBXBuildFile; fileRef = 79CC259A1F7FA57500E31769 /* Icon-App-60x60@3x.png */; };
		79CC25B11F7FA57500E31769 /* Icon-App-72x72@1x.png in Resources */ = {isa = PBXBuildFile; fileRef = 79CC259B1F7FA57500E31769 /* Icon-App-72x72@1x.png */; };
		79CC25B21F7FA57500E31769 /* Icon-App-72x72@2x.png in Resources */ = {isa = PBXBuildFile; fileRef = 79CC259C1F7FA57500E31769 /* Icon-App-72x72@2x.png */; };
		79CC25B31F7FA57500E31769 /* Icon-App-76x76@1x.png in Resources */ = {isa = PBXBuildFile; fileRef = 79CC259D1F7FA57500E31769 /* Icon-App-76x76@1x.png */; };
		79CC25B41F7FA57500E31769 /* Icon-App-76x76@2x.png in Resources */ = {isa = PBXBuildFile; fileRef = 79CC259E1F7FA57500E31769 /* Icon-App-76x76@2x.png */; };
		79CC25B51F7FA57500E31769 /* Icon-App-76x76@3x.png in Resources */ = {isa = PBXBuildFile; fileRef = 79CC259F1F7FA57500E31769 /* Icon-App-76x76@3x.png */; };
		79CC25B61F7FA57500E31769 /* Icon-App-83.5x83.5@2x.png in Resources */ = {isa = PBXBuildFile; fileRef = 79CC25A01F7FA57500E31769 /* Icon-App-83.5x83.5@2x.png */; };
		79CC25B71F7FA57500E31769 /* Icon-Small-50x50@1x.png in Resources */ = {isa = PBXBuildFile; fileRef = 79CC25A11F7FA57500E31769 /* Icon-Small-50x50@1x.png */; };
		79CC25B81F7FA57500E31769 /* Icon-Small-50x50@2x.png in Resources */ = {isa = PBXBuildFile; fileRef = 79CC25A21F7FA57500E31769 /* Icon-Small-50x50@2x.png */; };
		AB01F0341F679E5B00866E39 /* MessageUI.framework in Frameworks */ = {isa = PBXBuildFile; fileRef = AB01F0331F679E5B00866E39 /* MessageUI.framework */; };
		AB53B65F1F4D507E00BDD317 /* AppDelegate.swift in Sources */ = {isa = PBXBuildFile; fileRef = AB53B65E1F4D507E00BDD317 /* AppDelegate.swift */; };
		AB53B6611F4D507E00BDD317 /* ViewController.swift in Sources */ = {isa = PBXBuildFile; fileRef = AB53B6601F4D507E00BDD317 /* ViewController.swift */; };
		AB53B6641F4D507E00BDD317 /* Main.storyboard in Resources */ = {isa = PBXBuildFile; fileRef = AB53B6621F4D507E00BDD317 /* Main.storyboard */; };
		AB53B6661F4D507E00BDD317 /* Assets.xcassets in Resources */ = {isa = PBXBuildFile; fileRef = AB53B6651F4D507E00BDD317 /* Assets.xcassets */; };
		AB53B6691F4D507E00BDD317 /* LaunchScreen.storyboard in Resources */ = {isa = PBXBuildFile; fileRef = AB53B6671F4D507E00BDD317 /* LaunchScreen.storyboard */; };
		AB53B6711F4D65F900BDD317 /* Intro.storyboard in Resources */ = {isa = PBXBuildFile; fileRef = AB53B6701F4D65F900BDD317 /* Intro.storyboard */; };
		AB53B6861F56925D00BDD317 /* SlideViewController.swift in Sources */ = {isa = PBXBuildFile; fileRef = AB53B6851F56925D00BDD317 /* SlideViewController.swift */; };
		ABA8E7C11F5696FD0044D613 /* LeftViewController.swift in Sources */ = {isa = PBXBuildFile; fileRef = ABA8E7C01F5696FD0044D613 /* LeftViewController.swift */; };
		ABA8E7C51F56A2EE0044D613 /* menu.png in Resources */ = {isa = PBXBuildFile; fileRef = ABA8E7C41F56A2EE0044D613 /* menu.png */; };
		C1074CF117CB99D74DB67F02 /* Pods_lateMail.framework in Frameworks */ = {isa = PBXBuildFile; fileRef = FD333AD34B05E5C84168DAFE /* Pods_lateMail.framework */; };
/* End PBXBuildFile section */

/* Begin PBXFileReference section */
		7944F1611F76AE00002C1BE5 /* IntroFromNameViewController.swift */ = {isa = PBXFileReference; fileEncoding = 4; lastKnownFileType = sourcecode.swift; path = IntroFromNameViewController.swift; sourceTree = "<group>"; };
		7944F1631F76B39C002C1BE5 /* IntroMailAddressViewController.swift */ = {isa = PBXFileReference; fileEncoding = 4; lastKnownFileType = sourcecode.swift; path = IntroMailAddressViewController.swift; sourceTree = "<group>"; };
		7944F1651F76B572002C1BE5 /* IntroEndViewController.swift */ = {isa = PBXFileReference; fileEncoding = 4; lastKnownFileType = sourcecode.swift; path = IntroEndViewController.swift; sourceTree = "<group>"; };
		794E68FF1F768CD5001040FC /* Mail.swift */ = {isa = PBXFileReference; fileEncoding = 4; lastKnownFileType = sourcecode.swift; path = Mail.swift; sourceTree = "<group>"; };
		79A487F11F74002400E6BA09 /* BodyEditViewController.swift */ = {isa = PBXFileReference; fileEncoding = 4; lastKnownFileType = sourcecode.swift; path = BodyEditViewController.swift; sourceTree = "<group>"; };
		79A487F31F74004900E6BA09 /* MailAddressEditViewController.swift */ = {isa = PBXFileReference; fileEncoding = 4; lastKnownFileType = sourcecode.swift; path = MailAddressEditViewController.swift; sourceTree = "<group>"; };
		79A487F51F74005500E6BA09 /* TitleEditViewController.swift */ = {isa = PBXFileReference; fileEncoding = 4; lastKnownFileType = sourcecode.swift; path = TitleEditViewController.swift; sourceTree = "<group>"; };
		79A487F91F74093D00E6BA09 /* ProfileEditViewController.swift */ = {isa = PBXFileReference; fileEncoding = 4; lastKnownFileType = sourcecode.swift; path = ProfileEditViewController.swift; sourceTree = "<group>"; };
		79CC258D1F7FA57500E31769 /* Icon-App-20x20@1x.png */ = {isa = PBXFileReference; lastKnownFileType = image.png; path = "Icon-App-20x20@1x.png"; sourceTree = "<group>"; };
		79CC258E1F7FA57500E31769 /* Icon-App-20x20@2x.png */ = {isa = PBXFileReference; lastKnownFileType = image.png; path = "Icon-App-20x20@2x.png"; sourceTree = "<group>"; };
		79CC258F1F7FA57500E31769 /* Icon-App-20x20@3x.png */ = {isa = PBXFileReference; lastKnownFileType = image.png; path = "Icon-App-20x20@3x.png"; sourceTree = "<group>"; };
		79CC25901F7FA57500E31769 /* Icon-App-29x29@1x.png */ = {isa = PBXFileReference; lastKnownFileType = image.png; path = "Icon-App-29x29@1x.png"; sourceTree = "<group>"; };
		79CC25911F7FA57500E31769 /* Icon-App-29x29@2x.png */ = {isa = PBXFileReference; lastKnownFileType = image.png; path = "Icon-App-29x29@2x.png"; sourceTree = "<group>"; };
		79CC25921F7FA57500E31769 /* Icon-App-29x29@3x.png */ = {isa = PBXFileReference; lastKnownFileType = image.png; path = "Icon-App-29x29@3x.png"; sourceTree = "<group>"; };
		79CC25931F7FA57500E31769 /* Icon-App-40x40@1x.png */ = {isa = PBXFileReference; lastKnownFileType = image.png; path = "Icon-App-40x40@1x.png"; sourceTree = "<group>"; };
		79CC25941F7FA57500E31769 /* Icon-App-40x40@2x.png */ = {isa = PBXFileReference; lastKnownFileType = image.png; path = "Icon-App-40x40@2x.png"; sourceTree = "<group>"; };
		79CC25951F7FA57500E31769 /* Icon-App-40x40@3x.png */ = {isa = PBXFileReference; lastKnownFileType = image.png; path = "Icon-App-40x40@3x.png"; sourceTree = "<group>"; };
		79CC25961F7FA57500E31769 /* Icon-App-57x57@1x.png */ = {isa = PBXFileReference; lastKnownFileType = image.png; path = "Icon-App-57x57@1x.png"; sourceTree = "<group>"; };
		79CC25971F7FA57500E31769 /* Icon-App-57x57@2x.png */ = {isa = PBXFileReference; lastKnownFileType = image.png; path = "Icon-App-57x57@2x.png"; sourceTree = "<group>"; };
		79CC25981F7FA57500E31769 /* Icon-App-60x60@1x.png */ = {isa = PBXFileReference; lastKnownFileType = image.png; path = "Icon-App-60x60@1x.png"; sourceTree = "<group>"; };
		79CC25991F7FA57500E31769 /* Icon-App-60x60@2x.png */ = {isa = PBXFileReference; lastKnownFileType = image.png; path = "Icon-App-60x60@2x.png"; sourceTree = "<group>"; };
		79CC259A1F7FA57500E31769 /* Icon-App-60x60@3x.png */ = {isa = PBXFileReference; lastKnownFileType = image.png; path = "Icon-App-60x60@3x.png"; sourceTree = "<group>"; };
		79CC259B1F7FA57500E31769 /* Icon-App-72x72@1x.png */ = {isa = PBXFileReference; lastKnownFileType = image.png; path = "Icon-App-72x72@1x.png"; sourceTree = "<group>"; };
		79CC259C1F7FA57500E31769 /* Icon-App-72x72@2x.png */ = {isa = PBXFileReference; lastKnownFileType = image.png; path = "Icon-App-72x72@2x.png"; sourceTree = "<group>"; };
		79CC259D1F7FA57500E31769 /* Icon-App-76x76@1x.png */ = {isa = PBXFileReference; lastKnownFileType = image.png; path = "Icon-App-76x76@1x.png"; sourceTree = "<group>"; };
		79CC259E1F7FA57500E31769 /* Icon-App-76x76@2x.png */ = {isa = PBXFileReference; lastKnownFileType = image.png; path = "Icon-App-76x76@2x.png"; sourceTree = "<group>"; };
		79CC259F1F7FA57500E31769 /* Icon-App-76x76@3x.png */ = {isa = PBXFileReference; lastKnownFileType = image.png; path = "Icon-App-76x76@3x.png"; sourceTree = "<group>"; };
		79CC25A01F7FA57500E31769 /* Icon-App-83.5x83.5@2x.png */ = {isa = PBXFileReference; lastKnownFileType = image.png; path = "Icon-App-83.5x83.5@2x.png"; sourceTree = "<group>"; };
		79CC25A11F7FA57500E31769 /* Icon-Small-50x50@1x.png */ = {isa = PBXFileReference; lastKnownFileType = image.png; path = "Icon-Small-50x50@1x.png"; sourceTree = "<group>"; };
		79CC25A21F7FA57500E31769 /* Icon-Small-50x50@2x.png */ = {isa = PBXFileReference; lastKnownFileType = image.png; path = "Icon-Small-50x50@2x.png"; sourceTree = "<group>"; };
		A2F0F488B8DAD781A32E03C8 /* Pods-lateMail.release.xcconfig */ = {isa = PBXFileReference; includeInIndex = 1; lastKnownFileType = text.xcconfig; name = "Pods-lateMail.release.xcconfig"; path = "Pods/Target Support Files/Pods-lateMail/Pods-lateMail.release.xcconfig"; sourceTree = "<group>"; };
		AB01F0331F679E5B00866E39 /* MessageUI.framework */ = {isa = PBXFileReference; lastKnownFileType = wrapper.framework; name = MessageUI.framework; path = System/Library/Frameworks/MessageUI.framework; sourceTree = SDKROOT; };
		AB53B65B1F4D507E00BDD317 /* lateMail.app */ = {isa = PBXFileReference; explicitFileType = wrapper.application; includeInIndex = 0; path = lateMail.app; sourceTree = BUILT_PRODUCTS_DIR; };
		AB53B65E1F4D507E00BDD317 /* AppDelegate.swift */ = {isa = PBXFileReference; lastKnownFileType = sourcecode.swift; path = AppDelegate.swift; sourceTree = "<group>"; };
		AB53B6601F4D507E00BDD317 /* ViewController.swift */ = {isa = PBXFileReference; lastKnownFileType = sourcecode.swift; path = ViewController.swift; sourceTree = "<group>"; };
		AB53B6631F4D507E00BDD317 /* Base */ = {isa = PBXFileReference; lastKnownFileType = file.storyboard; name = Base; path = Base.lproj/Main.storyboard; sourceTree = "<group>"; };
		AB53B6651F4D507E00BDD317 /* Assets.xcassets */ = {isa = PBXFileReference; lastKnownFileType = folder.assetcatalog; path = Assets.xcassets; sourceTree = "<group>"; };
		AB53B6681F4D507E00BDD317 /* Base */ = {isa = PBXFileReference; lastKnownFileType = file.storyboard; name = Base; path = Base.lproj/LaunchScreen.storyboard; sourceTree = "<group>"; };
		AB53B66A1F4D507E00BDD317 /* Info.plist */ = {isa = PBXFileReference; lastKnownFileType = text.plist.xml; path = Info.plist; sourceTree = "<group>"; };
		AB53B6701F4D65F900BDD317 /* Intro.storyboard */ = {isa = PBXFileReference; fileEncoding = 4; lastKnownFileType = file.storyboard; path = Intro.storyboard; sourceTree = "<group>"; };
		AB53B6851F56925D00BDD317 /* SlideViewController.swift */ = {isa = PBXFileReference; fileEncoding = 4; lastKnownFileType = sourcecode.swift; path = SlideViewController.swift; sourceTree = "<group>"; };
		ABA8E7C01F5696FD0044D613 /* LeftViewController.swift */ = {isa = PBXFileReference; fileEncoding = 4; lastKnownFileType = sourcecode.swift; path = LeftViewController.swift; sourceTree = "<group>"; };
		ABA8E7C41F56A2EE0044D613 /* menu.png */ = {isa = PBXFileReference; lastKnownFileType = image.png; path = menu.png; sourceTree = "<group>"; };
		E483E42133AB31746968FFBD /* Pods-lateMail.debug.xcconfig */ = {isa = PBXFileReference; includeInIndex = 1; lastKnownFileType = text.xcconfig; name = "Pods-lateMail.debug.xcconfig"; path = "Pods/Target Support Files/Pods-lateMail/Pods-lateMail.debug.xcconfig"; sourceTree = "<group>"; };
		FD333AD34B05E5C84168DAFE /* Pods_lateMail.framework */ = {isa = PBXFileReference; explicitFileType = wrapper.framework; includeInIndex = 0; path = Pods_lateMail.framework; sourceTree = BUILT_PRODUCTS_DIR; };
/* End PBXFileReference section */

/* Begin PBXFrameworksBuildPhase section */
		AB53B6581F4D507D00BDD317 /* Frameworks */ = {
			isa = PBXFrameworksBuildPhase;
			buildActionMask = 2147483647;
			files = (
				AB01F0341F679E5B00866E39 /* MessageUI.framework in Frameworks */,
				C1074CF117CB99D74DB67F02 /* Pods_lateMail.framework in Frameworks */,
			);
			runOnlyForDeploymentPostprocessing = 0;
		};
/* End PBXFrameworksBuildPhase section */

/* Begin PBXGroup section */
		3562E379169C0EBFF2DB6203 /* Frameworks */ = {
			isa = PBXGroup;
			children = (
				AB01F0331F679E5B00866E39 /* MessageUI.framework */,
				FD333AD34B05E5C84168DAFE /* Pods_lateMail.framework */,
			);
			name = Frameworks;
			sourceTree = "<group>";
		};
		79CC258C1F7FA54600E31769 /* images */ = {
			isa = PBXGroup;
			children = (
				ABA8E7C41F56A2EE0044D613 /* menu.png */,
				79CC258D1F7FA57500E31769 /* Icon-App-20x20@1x.png */,
				79CC258E1F7FA57500E31769 /* Icon-App-20x20@2x.png */,
				79CC258F1F7FA57500E31769 /* Icon-App-20x20@3x.png */,
				79CC25901F7FA57500E31769 /* Icon-App-29x29@1x.png */,
				79CC25911F7FA57500E31769 /* Icon-App-29x29@2x.png */,
				79CC25921F7FA57500E31769 /* Icon-App-29x29@3x.png */,
				79CC25931F7FA57500E31769 /* Icon-App-40x40@1x.png */,
				79CC25941F7FA57500E31769 /* Icon-App-40x40@2x.png */,
				79CC25951F7FA57500E31769 /* Icon-App-40x40@3x.png */,
				79CC25961F7FA57500E31769 /* Icon-App-57x57@1x.png */,
				79CC25971F7FA57500E31769 /* Icon-App-57x57@2x.png */,
				79CC25981F7FA57500E31769 /* Icon-App-60x60@1x.png */,
				79CC25991F7FA57500E31769 /* Icon-App-60x60@2x.png */,
				79CC259A1F7FA57500E31769 /* Icon-App-60x60@3x.png */,
				79CC259B1F7FA57500E31769 /* Icon-App-72x72@1x.png */,
				79CC259C1F7FA57500E31769 /* Icon-App-72x72@2x.png */,
				79CC259D1F7FA57500E31769 /* Icon-App-76x76@1x.png */,
				79CC259E1F7FA57500E31769 /* Icon-App-76x76@2x.png */,
				79CC259F1F7FA57500E31769 /* Icon-App-76x76@3x.png */,
				79CC25A01F7FA57500E31769 /* Icon-App-83.5x83.5@2x.png */,
				79CC25A11F7FA57500E31769 /* Icon-Small-50x50@1x.png */,
				79CC25A21F7FA57500E31769 /* Icon-Small-50x50@2x.png */,
			);
			name = images;
			sourceTree = "<group>";
		};
		87CDE0773CE00924CDBD0F44 /* Pods */ = {
			isa = PBXGroup;
			children = (
				E483E42133AB31746968FFBD /* Pods-lateMail.debug.xcconfig */,
				A2F0F488B8DAD781A32E03C8 /* Pods-lateMail.release.xcconfig */,
			);
			name = Pods;
			sourceTree = "<group>";
		};
		AB53B6521F4D507D00BDD317 = {
			isa = PBXGroup;
			children = (
				AB53B65D1F4D507E00BDD317 /* lateMail */,
				AB53B65C1F4D507E00BDD317 /* Products */,
				87CDE0773CE00924CDBD0F44 /* Pods */,
				3562E379169C0EBFF2DB6203 /* Frameworks */,
			);
			sourceTree = "<group>";
		};
		AB53B65C1F4D507E00BDD317 /* Products */ = {
			isa = PBXGroup;
			children = (
				AB53B65B1F4D507E00BDD317 /* lateMail.app */,
			);
			name = Products;
			sourceTree = "<group>";
		};
		AB53B65D1F4D507E00BDD317 /* lateMail */ = {
			isa = PBXGroup;
			children = (
				79CC258C1F7FA54600E31769 /* images */,
				AB53B65E1F4D507E00BDD317 /* AppDelegate.swift */,
				79A487F11F74002400E6BA09 /* BodyEditViewController.swift */,
				7944F1651F76B572002C1BE5 /* IntroEndViewController.swift */,
				7944F1611F76AE00002C1BE5 /* IntroFromNameViewController.swift */,
				7944F1631F76B39C002C1BE5 /* IntroMailAddressViewController.swift */,
				ABA8E7C01F5696FD0044D613 /* LeftViewController.swift */,
				794E68FF1F768CD5001040FC /* Mail.swift */,
				79A487F31F74004900E6BA09 /* MailAddressEditViewController.swift */,
				79A487F91F74093D00E6BA09 /* ProfileEditViewController.swift */,
				AB53B6851F56925D00BDD317 /* SlideViewController.swift */,
				79A487F51F74005500E6BA09 /* TitleEditViewController.swift */,
				AB53B6601F4D507E00BDD317 /* ViewController.swift */,
				AB53B6621F4D507E00BDD317 /* Main.storyboard */,
				AB53B6701F4D65F900BDD317 /* Intro.storyboard */,
				AB53B6671F4D507E00BDD317 /* LaunchScreen.storyboard */,
				AB53B6651F4D507E00BDD317 /* Assets.xcassets */,
				AB53B66A1F4D507E00BDD317 /* Info.plist */,
			);
			path = lateMail;
			sourceTree = "<group>";
		};
/* End PBXGroup section */

/* Begin PBXNativeTarget section */
		AB53B65A1F4D507D00BDD317 /* lateMail */ = {
			isa = PBXNativeTarget;
			buildConfigurationList = AB53B66D1F4D507E00BDD317 /* Build configuration list for PBXNativeTarget "lateMail" */;
			buildPhases = (
				73BBDCB8FEAB0CEC16415F91 /* [CP] Check Pods Manifest.lock */,
				AB53B6571F4D507D00BDD317 /* Sources */,
				AB53B6581F4D507D00BDD317 /* Frameworks */,
				AB53B6591F4D507D00BDD317 /* Resources */,
				C977B9F3C85D2A07873CDCBC /* [CP] Embed Pods Frameworks */,
				89D5B96AEE611D6E147ABD4E /* [CP] Copy Pods Resources */,
			);
			buildRules = (
			);
			dependencies = (
			);
			name = lateMail;
			productName = lateMail;
			productReference = AB53B65B1F4D507E00BDD317 /* lateMail.app */;
			productType = "com.apple.product-type.application";
		};
/* End PBXNativeTarget section */

/* Begin PBXProject section */
		AB53B6531F4D507D00BDD317 /* Project object */ = {
			isa = PBXProject;
			attributes = {
				LastSwiftUpdateCheck = 0830;
				LastUpgradeCheck = 0830;
				ORGANIZATIONNAME = net.tksho;
				TargetAttributes = {
					AB53B65A1F4D507D00BDD317 = {
						CreatedOnToolsVersion = 8.3.3;
						DevelopmentTeam = 39K484354G;
						ProvisioningStyle = Automatic;
					};
				};
			};
			buildConfigurationList = AB53B6561F4D507D00BDD317 /* Build configuration list for PBXProject "lateMail" */;
			compatibilityVersion = "Xcode 3.2";
			developmentRegion = English;
			hasScannedForEncodings = 0;
			knownRegions = (
				en,
				Base,
			);
			mainGroup = AB53B6521F4D507D00BDD317;
			productRefGroup = AB53B65C1F4D507E00BDD317 /* Products */;
			projectDirPath = "";
			projectRoot = "";
			targets = (
				AB53B65A1F4D507D00BDD317 /* lateMail */,
			);
		};
/* End PBXProject section */

/* Begin PBXResourcesBuildPhase section */
		AB53B6591F4D507D00BDD317 /* Resources */ = {
			isa = PBXResourcesBuildPhase;
			buildActionMask = 2147483647;
			files = (
				79CC25B41F7FA57500E31769 /* Icon-App-76x76@2x.png in Resources */,
				79CC25AF1F7FA57500E31769 /* Icon-App-60x60@2x.png in Resources */,
				79CC25A71F7FA57500E31769 /* Icon-App-29x29@2x.png in Resources */,
				79CC25AE1F7FA57500E31769 /* Icon-App-60x60@1x.png in Resources */,
				79CC25B61F7FA57500E31769 /* Icon-App-83.5x83.5@2x.png in Resources */,
				AB53B6691F4D507E00BDD317 /* LaunchScreen.storyboard in Resources */,
				79CC25AC1F7FA57500E31769 /* Icon-App-57x57@1x.png in Resources */,
				79CC25A41F7FA57500E31769 /* Icon-App-20x20@2x.png in Resources */,
				ABA8E7C51F56A2EE0044D613 /* menu.png in Resources */,
				79CC25B11F7FA57500E31769 /* Icon-App-72x72@1x.png in Resources */,
				79CC25A81F7FA57500E31769 /* Icon-App-29x29@3x.png in Resources */,
				79CC25B01F7FA57500E31769 /* Icon-App-60x60@3x.png in Resources */,
				79CC25AD1F7FA57500E31769 /* Icon-App-57x57@2x.png in Resources */,
				79CC25A51F7FA57500E31769 /* Icon-App-20x20@3x.png in Resources */,
				AB53B6661F4D507E00BDD317 /* Assets.xcassets in Resources */,
				79CC25B71F7FA57500E31769 /* Icon-Small-50x50@1x.png in Resources */,
				79CC25B21F7FA57500E31769 /* Icon-App-72x72@2x.png in Resources */,
				AB53B6641F4D507E00BDD317 /* Main.storyboard in Resources */,
				AB53B6711F4D65F900BDD317 /* Intro.storyboard in Resources */,
				79CC25B51F7FA57500E31769 /* Icon-App-76x76@3x.png in Resources */,
				79CC25A91F7FA57500E31769 /* Icon-App-40x40@1x.png in Resources */,
				79CC25B31F7FA57500E31769 /* Icon-App-76x76@1x.png in Resources */,
				79CC25A31F7FA57500E31769 /* Icon-App-20x20@1x.png in Resources */,
				79CC25AB1F7FA57500E31769 /* Icon-App-40x40@3x.png in Resources */,
				79CC25AA1F7FA57500E31769 /* Icon-App-40x40@2x.png in Resources */,
				79CC25A61F7FA57500E31769 /* Icon-App-29x29@1x.png in Resources */,
				79CC25B81F7FA57500E31769 /* Icon-Small-50x50@2x.png in Resources */,
			);
			runOnlyForDeploymentPostprocessing = 0;
		};
/* End PBXResourcesBuildPhase section */

/* Begin PBXShellScriptBuildPhase section */
		73BBDCB8FEAB0CEC16415F91 /* [CP] Check Pods Manifest.lock */ = {
			isa = PBXShellScriptBuildPhase;
			buildActionMask = 2147483647;
			files = (
			);
			inputPaths = (
			);
			name = "[CP] Check Pods Manifest.lock";
			outputPaths = (
			);
			runOnlyForDeploymentPostprocessing = 0;
			shellPath = /bin/sh;
			shellScript = "diff \"${PODS_PODFILE_DIR_PATH}/Podfile.lock\" \"${PODS_ROOT}/Manifest.lock\" > /dev/null\nif [ $? != 0 ] ; then\n    # print error to STDERR\n    echo \"error: The sandbox is not in sync with the Podfile.lock. Run 'pod install' or update your CocoaPods installation.\" >&2\n    exit 1\nfi\n";
			showEnvVarsInLog = 0;
		};
		89D5B96AEE611D6E147ABD4E /* [CP] Copy Pods Resources */ = {
			isa = PBXShellScriptBuildPhase;
			buildActionMask = 2147483647;
			files = (
			);
			inputPaths = (
			);
			name = "[CP] Copy Pods Resources";
			outputPaths = (
			);
			runOnlyForDeploymentPostprocessing = 0;
			shellPath = /bin/sh;
			shellScript = "\"${SRCROOT}/Pods/Target Support Files/Pods-lateMail/Pods-lateMail-resources.sh\"\n";
			showEnvVarsInLog = 0;
		};
		C977B9F3C85D2A07873CDCBC /* [CP] Embed Pods Frameworks */ = {
			isa = PBXShellScriptBuildPhase;
			buildActionMask = 2147483647;
			files = (
			);
			inputPaths = (
			);
			name = "[CP] Embed Pods Frameworks";
			outputPaths = (
			);
			runOnlyForDeploymentPostprocessing = 0;
			shellPath = /bin/sh;
			shellScript = "\"${SRCROOT}/Pods/Target Support Files/Pods-lateMail/Pods-lateMail-frameworks.sh\"\n";
			showEnvVarsInLog = 0;
		};
/* End PBXShellScriptBuildPhase section */

/* Begin PBXSourcesBuildPhase section */
		AB53B6571F4D507D00BDD317 /* Sources */ = {
			isa = PBXSourcesBuildPhase;
			buildActionMask = 2147483647;
			files = (
				794E69001F768CD5001040FC /* Mail.swift in Sources */,
				7944F1661F76B572002C1BE5 /* IntroEndViewController.swift in Sources */,
				7944F1641F76B39C002C1BE5 /* IntroMailAddressViewController.swift in Sources */,
				79A487FA1F74093D00E6BA09 /* ProfileEditViewController.swift in Sources */,
				79A487F41F74004900E6BA09 /* MailAddressEditViewController.swift in Sources */,
				79A487F21F74002400E6BA09 /* BodyEditViewController.swift in Sources */,
				79A487F61F74005500E6BA09 /* TitleEditViewController.swift in Sources */,
				AB53B6611F4D507E00BDD317 /* ViewController.swift in Sources */,
				7944F1621F76AE00002C1BE5 /* IntroFromNameViewController.swift in Sources */,
				ABA8E7C11F5696FD0044D613 /* LeftViewController.swift in Sources */,
				AB53B65F1F4D507E00BDD317 /* AppDelegate.swift in Sources */,
				AB53B6861F56925D00BDD317 /* SlideViewController.swift in Sources */,
			);
			runOnlyForDeploymentPostprocessing = 0;
		};
/* End PBXSourcesBuildPhase section */

/* Begin PBXVariantGroup section */
		AB53B6621F4D507E00BDD317 /* Main.storyboard */ = {
			isa = PBXVariantGroup;
			children = (
				AB53B6631F4D507E00BDD317 /* Base */,
			);
			name = Main.storyboard;
			sourceTree = "<group>";
		};
		AB53B6671F4D507E00BDD317 /* LaunchScreen.storyboard */ = {
			isa = PBXVariantGroup;
			children = (
				AB53B6681F4D507E00BDD317 /* Base */,
			);
			name = LaunchScreen.storyboard;
			sourceTree = "<group>";
		};
/* End PBXVariantGroup section */

/* Begin XCBuildConfiguration section */
		AB53B66B1F4D507E00BDD317 /* Debug */ = {
			isa = XCBuildConfiguration;
			buildSettings = {
				ALWAYS_SEARCH_USER_PATHS = NO;
				CLANG_ANALYZER_NONNULL = YES;
				CLANG_ANALYZER_NUMBER_OBJECT_CONVERSION = YES_AGGRESSIVE;
				CLANG_CXX_LANGUAGE_STANDARD = "gnu++0x";
				CLANG_CXX_LIBRARY = "libc++";
				CLANG_ENABLE_MODULES = YES;
				CLANG_ENABLE_OBJC_ARC = YES;
				CLANG_WARN_BOOL_CONVERSION = YES;
				CLANG_WARN_CONSTANT_CONVERSION = YES;
				CLANG_WARN_DIRECT_OBJC_ISA_USAGE = YES_ERROR;
				CLANG_WARN_DOCUMENTATION_COMMENTS = YES;
				CLANG_WARN_EMPTY_BODY = YES;
				CLANG_WARN_ENUM_CONVERSION = YES;
				CLANG_WARN_INFINITE_RECURSION = YES;
				CLANG_WARN_INT_CONVERSION = YES;
				CLANG_WARN_OBJC_ROOT_CLASS = YES_ERROR;
				CLANG_WARN_SUSPICIOUS_MOVE = YES;
				CLANG_WARN_UNREACHABLE_CODE = YES;
				CLANG_WARN__DUPLICATE_METHOD_MATCH = YES;
				"CODE_SIGN_IDENTITY[sdk=iphoneos*]" = "iPhone Developer";
				COPY_PHASE_STRIP = NO;
				DEBUG_INFORMATION_FORMAT = dwarf;
				ENABLE_STRICT_OBJC_MSGSEND = YES;
				ENABLE_TESTABILITY = YES;
				GCC_C_LANGUAGE_STANDARD = gnu99;
				GCC_DYNAMIC_NO_PIC = NO;
				GCC_NO_COMMON_BLOCKS = YES;
				GCC_OPTIMIZATION_LEVEL = 0;
				GCC_PREPROCESSOR_DEFINITIONS = (
					"DEBUG=1",
					"$(inherited)",
				);
				GCC_WARN_64_TO_32_BIT_CONVERSION = YES;
				GCC_WARN_ABOUT_RETURN_TYPE = YES_ERROR;
				GCC_WARN_UNDECLARED_SELECTOR = YES;
				GCC_WARN_UNINITIALIZED_AUTOS = YES_AGGRESSIVE;
				GCC_WARN_UNUSED_FUNCTION = YES;
				GCC_WARN_UNUSED_VARIABLE = YES;
				IPHONEOS_DEPLOYMENT_TARGET = 10.3;
				MTL_ENABLE_DEBUG_INFO = YES;
				ONLY_ACTIVE_ARCH = YES;
				SDKROOT = iphoneos;
				SWIFT_ACTIVE_COMPILATION_CONDITIONS = DEBUG;
				SWIFT_OPTIMIZATION_LEVEL = "-Onone";
			};
			name = Debug;
		};
		AB53B66C1F4D507E00BDD317 /* Release */ = {
			isa = XCBuildConfiguration;
			buildSettings = {
				ALWAYS_SEARCH_USER_PATHS = NO;
				CLANG_ANALYZER_NONNULL = YES;
				CLANG_ANALYZER_NUMBER_OBJECT_CONVERSION = YES_AGGRESSIVE;
				CLANG_CXX_LANGUAGE_STANDARD = "gnu++0x";
				CLANG_CXX_LIBRARY = "libc++";
				CLANG_ENABLE_MODULES = YES;
				CLANG_ENABLE_OBJC_ARC = YES;
				CLANG_WARN_BOOL_CONVERSION = YES;
				CLANG_WARN_CONSTANT_CONVERSION = YES;
				CLANG_WARN_DIRECT_OBJC_ISA_USAGE = YES_ERROR;
				CLANG_WARN_DOCUMENTATION_COMMENTS = YES;
				CLANG_WARN_EMPTY_BODY = YES;
				CLANG_WARN_ENUM_CONVERSION = YES;
				CLANG_WARN_INFINITE_RECURSION = YES;
				CLANG_WARN_INT_CONVERSION = YES;
				CLANG_WARN_OBJC_ROOT_CLASS = YES_ERROR;
				CLANG_WARN_SUSPICIOUS_MOVE = YES;
				CLANG_WARN_UNREACHABLE_CODE = YES;
				CLANG_WARN__DUPLICATE_METHOD_MATCH = YES;
				"CODE_SIGN_IDENTITY[sdk=iphoneos*]" = "iPhone Developer";
				COPY_PHASE_STRIP = NO;
				DEBUG_INFORMATION_FORMAT = "dwarf-with-dsym";
				ENABLE_NS_ASSERTIONS = NO;
				ENABLE_STRICT_OBJC_MSGSEND = YES;
				GCC_C_LANGUAGE_STANDARD = gnu99;
				GCC_NO_COMMON_BLOCKS = YES;
				GCC_WARN_64_TO_32_BIT_CONVERSION = YES;
				GCC_WARN_ABOUT_RETURN_TYPE = YES_ERROR;
				GCC_WARN_UNDECLARED_SELECTOR = YES;
				GCC_WARN_UNINITIALIZED_AUTOS = YES_AGGRESSIVE;
				GCC_WARN_UNUSED_FUNCTION = YES;
				GCC_WARN_UNUSED_VARIABLE = YES;
				IPHONEOS_DEPLOYMENT_TARGET = 10.3;
				MTL_ENABLE_DEBUG_INFO = NO;
				SDKROOT = iphoneos;
				SWIFT_OPTIMIZATION_LEVEL = "-Owholemodule";
				VALIDATE_PRODUCT = YES;
			};
			name = Release;
		};
		AB53B66E1F4D507E00BDD317 /* Debug */ = {
			isa = XCBuildConfiguration;
			baseConfigurationReference = E483E42133AB31746968FFBD /* Pods-lateMail.debug.xcconfig */;
			buildSettings = {
				ASSETCATALOG_COMPILER_APPICON_NAME = AppIcon;
				DEVELOPMENT_TEAM = 39K484354G;
				INFOPLIST_FILE = lateMail/Info.plist;
				IPHONEOS_DEPLOYMENT_TARGET = 10.3;
				LD_RUNPATH_SEARCH_PATHS = "$(inherited) @executable_path/Frameworks";
				PRODUCT_BUNDLE_IDENTIFIER = net.tksho.lateMail;
				PRODUCT_NAME = "$(TARGET_NAME)";
				SWIFT_VERSION = 3.0;
			};
			name = Debug;
		};
		AB53B66F1F4D507E00BDD317 /* Release */ = {
			isa = XCBuildConfiguration;
			baseConfigurationReference = A2F0F488B8DAD781A32E03C8 /* Pods-lateMail.release.xcconfig */;
			buildSettings = {
				ASSETCATALOG_COMPILER_APPICON_NAME = AppIcon;
				DEVELOPMENT_TEAM = 39K484354G;
				INFOPLIST_FILE = lateMail/Info.plist;
				IPHONEOS_DEPLOYMENT_TARGET = 10.3;
				LD_RUNPATH_SEARCH_PATHS = "$(inherited) @executable_path/Frameworks";
				PRODUCT_BUNDLE_IDENTIFIER = net.tksho.lateMail;
				PRODUCT_NAME = "$(TARGET_NAME)";
				SWIFT_VERSION = 3.0;
			};
			name = Release;
		};
/* End XCBuildConfiguration section */

/* Begin XCConfigurationList section */
		AB53B6561F4D507D00BDD317 /* Build configuration list for PBXProject "lateMail" */ = {
			isa = XCConfigurationList;
			buildConfigurations = (
				AB53B66B1F4D507E00BDD317 /* Debug */,
				AB53B66C1F4D507E00BDD317 /* Release */,
			);
			defaultConfigurationIsVisible = 0;
			defaultConfigurationName = Release;
		};
		AB53B66D1F4D507E00BDD317 /* Build configuration list for PBXNativeTarget "lateMail" */ = {
			isa = XCConfigurationList;
			buildConfigurations = (
				AB53B66E1F4D507E00BDD317 /* Debug */,
				AB53B66F1F4D507E00BDD317 /* Release */,
			);
			defaultConfigurationIsVisible = 0;
			defaultConfigurationName = Release;
		};
/* End XCConfigurationList section */
	};
	rootObject = AB53B6531F4D507D00BDD317 /* Project object */;
}
